
Microsoft Visual Studio Solution File, Format Version 12.00
# Visual Studio Version 16
VisualStudioVersion = 16.0.30804.86
MinimumVisualStudioVersion = 10.0.40219.1
Project("{9A19103F-16F7-4668-BE54-9A1E7A4F7556}") = "Supplier", "Supplier\Supplier.csproj", "{561F79F2-4CC3-4BFE-BFA4-C8CAD42F744B}"
EndProject
Global
	GlobalSection(SolutionConfigurationPlatforms) = preSolution
		Debug|Any CPU = Debug|Any CPU
		Release|Any CPU = Release|Any CPU
	EndGlobalSection
	GlobalSection(ProjectConfigurationPlatforms) = postSolution
		{561F79F2-4CC3-4BFE-BFA4-C8CAD42F744B}.Debug|Any CPU.ActiveCfg = Debug|Any CPU
		{561F79F2-4CC3-4BFE-BFA4-C8CAD42F744B}.Debug|Any CPU.Build.0 = Debug|Any CPU
		{561F79F2-4CC3-4BFE-BFA4-C8CAD42F744B}.Release|Any CPU.ActiveCfg = Release|Any CPU
		{561F79F2-4CC3-4BFE-BFA4-C8CAD42F744B}.Release|Any CPU.Build.0 = Release|Any CPU
	EndGlobalSection
	GlobalSection(SolutionProperties) = preSolution
		HideSolutionNode = FALSE
	EndGlobalSection
	GlobalSection(ExtensibilityGlobals) = postSolution
		SolutionGuid = {3E406F8F-67AC-4E65-A177-70D091559AF0}
	EndGlobalSection
EndGlobal
